{
  "name": "ecommerce_personalisation",
  "lockfileVersion": 3,
  "requires": true,
  "packages": {
    "": {
      "dependencies": {
        "cmd": "^0.1.0"
      },
      "version": "0.0.1"
    },
    "node_modules/as-array": {
      "version": "2.0.0",
      "resolved": "https://registry.npmjs.org/as-array/-/as-array-2.0.0.tgz",
      "integrity": "sha512-1Sd1LrodN0XYxYeZcN1J4xYZvmvTwD5tDWaPUGPIzH1mFsmzsPnVtd2exWhecMjtZk/wYWjNZJiD3b1SLCeJqg=="
    },
    "node_modules/cmd": {
      "version": "0.1.0",
      "resolved": "https://registry.npmjs.org/cmd/-/cmd-0.1.0.tgz",
      "integrity": "sha512-fGvgTTmplVStqdrDqPK+YV2+rVTGjbwKTzJf+qklp+kzxW2Funmnvu024I2s/xcOndouXCaGPbYCJ84Qn5X3/Q==",
      "dependencies": {
        "as-array": "^2.0.0",
        "cmd-utils": "^0.1.0",
        "minimist": "^1.2.0",
        "ramda": "^0.17.1"
      }
    },
    "node_modules/cmd-utils": {
      "version": "0.1.0",
      "resolved": "https://registry.npmjs.org/cmd-utils/-/cmd-utils-0.1.0.tgz",
      "integrity": "sha512-TSrgl6Af7W1lfNjIZGcKjgXP3qaplua8SRHM2iVhxCvo7bSnC0VPEmYiXqGt+8eb4HP1+KcA0m+mLvfqQF+W5w==",
      "dependencies": {
        "as-array": "^2.0.0",
        "ramda": "^0.17.1"
      }
    },
    "node_modules/minimist": {
      "version": "1.2.8",
      "resolved": "https://registry.npmjs.org/minimist/-/minimist-1.2.8.tgz",
      "integrity": "sha512-2yyAR8qBkN3YuheJanUpWC5U3bb5osDywNB8RzDVlDwDHbocAJveqqj1u8+SVD7jkWT4yvsHCpWqqWqAxb0zCA==",
      "funding": {
        "url": "https://github.com/sponsors/ljharb"
      }
    },
    "node_modules/ramda": {
      "version": "0.17.1",
      "resolved": "https://registry.npmjs.org/ramda/-/ramda-0.17.1.tgz",
      "integrity": "sha512-6XwOkewuUOhFWIvc4lonoyaui7nQLrBG9p71N2QTNHkAeKJS+vhEk9D/Cv/v8hRCS7JBLLmtXH0KwcBg2u/nfQ=="
    }
  },
  "version": "0.0.1"
}
